
Microsoft Visual Studio Solution File, Format Version 12.00
# Visual Studio Version 17
VisualStudioVersion = 17.0.32112.339
MinimumVisualStudioVersion = 10.0.40219.1
Project("{9A19103F-16F7-4668-BE54-9A1E7A4F7556}") = "PlatinumDev.HotelsWebAPI", "PlatinumDev.HotelsWebAPI.csproj", "{7AA1A2F5-FE27-4EF8-AE6D-F34E1C6A270C}"
EndProject
Global
	GlobalSection(SolutionConfigurationPlatforms) = preSolution
		Debug|Any CPU = Debug|Any CPU
		Release|Any CPU = Release|Any CPU
	EndGlobalSection
	GlobalSection(ProjectConfigurationPlatforms) = postSolution
		{7AA1A2F5-FE27-4EF8-AE6D-F34E1C6A270C}.Debug|Any CPU.ActiveCfg = Debug|Any CPU
		{7AA1A2F5-FE27-4EF8-AE6D-F34E1C6A270C}.Debug|Any CPU.Build.0 = Debug|Any CPU
		{7AA1A2F5-FE27-4EF8-AE6D-F34E1C6A270C}.Release|Any CPU.ActiveCfg = Release|Any CPU
		{7AA1A2F5-FE27-4EF8-AE6D-F34E1C6A270C}.Release|Any CPU.Build.0 = Release|Any CPU
	EndGlobalSection
	GlobalSection(SolutionProperties) = preSolution
		HideSolutionNode = FALSE
	EndGlobalSection
	GlobalSection(ExtensibilityGlobals) = postSolution
		SolutionGuid = {9F827701-3C66-433F-901A-A600ABBEE00A}
	EndGlobalSection
EndGlobal
